
Microsoft Visual Studio Solution File, Format Version 12.00
# Visual Studio Version 16
VisualStudioVersion = 16.0.30804.86
MinimumVisualStudioVersion = 10.0.40219.1
Project("{FAE04EC0-301F-11D3-BF4B-00C04F79EFBC}") = "Lab2", "Lab2\Lab2.csproj", "{0A08B20F-CC70-461E-AC18-3491757223A5}"
EndProject
Global
	GlobalSection(SolutionConfigurationPlatforms) = preSolution
		Debug|Any CPU = Debug|Any CPU
		Release|Any CPU = Release|Any CPU
	EndGlobalSection
	GlobalSection(ProjectConfigurationPlatforms) = postSolution
		{0A08B20F-CC70-461E-AC18-3491757223A5}.Debug|Any CPU.ActiveCfg = Debug|Any CPU
		{0A08B20F-CC70-461E-AC18-3491757223A5}.Debug|Any CPU.Build.0 = Debug|Any CPU
		{0A08B20F-CC70-461E-AC18-3491757223A5}.Release|Any CPU.ActiveCfg = Release|Any CPU
		{0A08B20F-CC70-461E-AC18-3491757223A5}.Release|Any CPU.Build.0 = Release|Any CPU
	EndGlobalSection
	GlobalSection(SolutionProperties) = preSolution
		HideSolutionNode = FALSE
	EndGlobalSection
	GlobalSection(ExtensibilityGlobals) = postSolution
		SolutionGuid = {EB289D9D-6E37-4281-86A0-49BC6DB4E2E0}
	EndGlobalSection
EndGlobal
